Microsoft Visual Studio Solution File, Format Version 12.00
# Visual Studio Version 17
VisualStudioVersion = 17.5.2.0
MinimumVisualStudioVersion = 10.0.40219.1
Project("{FAE04EC0-301F-11D3-BF4B-00C04F79EFBC}") = "EadAula03", "EadAula03.csproj", "{12520003-3149-5CE7-951D-D86CBF92E5CE}"
EndProject
Global
	GlobalSection(SolutionConfigurationPlatforms) = preSolution
		Debug|Any CPU = Debug|Any CPU
		Release|Any CPU = Release|Any CPU
	EndGlobalSection
	GlobalSection(ProjectConfigurationPlatforms) = postSolution
		{12520003-3149-5CE7-951D-D86CBF92E5CE}.Debug|Any CPU.ActiveCfg = Debug|Any CPU
		{12520003-3149-5CE7-951D-D86CBF92E5CE}.Debug|Any CPU.Build.0 = Debug|Any CPU
		{12520003-3149-5CE7-951D-D86CBF92E5CE}.Release|Any CPU.ActiveCfg = Release|Any CPU
		{12520003-3149-5CE7-951D-D86CBF92E5CE}.Release|Any CPU.Build.0 = Release|Any CPU
	EndGlobalSection
	GlobalSection(SolutionProperties) = preSolution
		HideSolutionNode = FALSE
	EndGlobalSection
	GlobalSection(ExtensibilityGlobals) = postSolution
		SolutionGuid = {412A2B93-7B1E-4098-93DA-94F397D0558B}
	EndGlobalSection
EndGlobal
